
Microsoft Visual Studio Solution File, Format Version 11.00
# Visual Studio 2010
Project("{FAE04EC0-301F-11D3-BF4B-00C04F79EFBC}") = "XcapServer", "XcapServer\XcapServer.csproj", "{E35EFF32-DF41-4298-8466-99F632413EBE}"
EndProject
Global
	GlobalSection(SolutionConfigurationPlatforms) = preSolution
		Debug|x86 = Debug|x86
		Release|x86 = Release|x86
	EndGlobalSection
	GlobalSection(ProjectConfigurationPlatforms) = postSolution
		{E35EFF32-DF41-4298-8466-99F632413EBE}.Debug|x86.ActiveCfg = Debug|x86
		{E35EFF32-DF41-4298-8466-99F632413EBE}.Debug|x86.Build.0 = Debug|x86
		{E35EFF32-DF41-4298-8466-99F632413EBE}.Release|x86.ActiveCfg = Release|x86
		{E35EFF32-DF41-4298-8466-99F632413EBE}.Release|x86.Build.0 = Release|x86
	EndGlobalSection
	GlobalSection(SolutionProperties) = preSolution
		HideSolutionNode = FALSE
	EndGlobalSection
EndGlobal
